PODS:
  - Firebase (2.4.1.1)
  - JSQMessagesViewController (7.2.0):
    - JSQSystemSoundPlayer (~> 2.0.1)
  - JSQSystemSoundPlayer (2.0.1)
  - PonyDebugger (0.4.5):
    - SocketRocket
  - SocketRocket (0.4.1)

DEPENDENCIES:
  - Firebase (>= 2.4.0)
  - JSQMessagesViewController
  - PonyDebugger (from `https://github.com/square/PonyDebugger.git`)

EXTERNAL SOURCES:
  PonyDebugger:
    :git: https://github.com/square/PonyDebugger.git

CHECKOUT OPTIONS:
  PonyDebugger:
    :commit: 8a9149857af4bb40237ae5c589c1001de69d02f4
    :git: https://github.com/square/PonyDebugger.git

SPEC CHECKSUMS:
  Firebase: 47f921f251c8982d147d90f2845816b21f016acc
  JSQMessagesViewController: 73cab48aa92fc2d512f3b6724f3425cc47a19eb5
  JSQSystemSoundPlayer: c5850e77a4363ffd374cd851154b9af93264ed8d
  PonyDebugger: 1c60f7c876bdb6a8b6bf0f0269087f8a234fafa7
  SocketRocket: ee0b5c34182d37bb4f1f8d628bbe737718126daa

COCOAPODS: 0.38.2
